
Microsoft Visual Studio Solution File, Format Version 12.00
# Visual Studio Version 17
VisualStudioVersion = 17.3.32804.467
MinimumVisualStudioVersion = 10.0.40219.1
Project("{9A19103F-16F7-4668-BE54-9A1E7A4F7556}") = "Day01", "Day01\Day01.csproj", "{3C1D22C1-8DF9-4FCB-A854-1DC8EDF17864}"
EndProject
Project("{9A19103F-16F7-4668-BE54-9A1E7A4F7556}") = "Day02", "Day02\Day02.csproj", "{9DDB8CB9-29C4-4D79-B55A-E7ED6D7FC3B7}"
EndProject
Project("{9A19103F-16F7-4668-BE54-9A1E7A4F7556}") = "Day3", "Day3\Day3.csproj", "{6624306B-83AE-4728-8C15-02872831A72C}"
EndProject
Project("{9A19103F-16F7-4668-BE54-9A1E7A4F7556}") = "Quizdotnet04", "Quizdotnet04\Quizdotnet04.csproj", "{771E0F6E-A71F-4180-B380-AF7218EE58FA}"
EndProject
Project("{9A19103F-16F7-4668-BE54-9A1E7A4F7556}") = "Collection", "QUiz Dotnet04\Collection.csproj", "{25D389A1-F74A-456A-BBCF-338E235F492A}"
EndProject
Project("{9A19103F-16F7-4668-BE54-9A1E7A4F7556}") = "Dotnet4", "Dotnet4\Dotnet4.csproj", "{6AEA002F-8B3F-453F-8BF1-9783C3A9C581}"
EndProject
Project("{9A19103F-16F7-4668-BE54-9A1E7A4F7556}") = "DAY04(OOP280822)", "DAY04\DAY04(OOP280822).csproj", "{6CB88BFD-1EE2-447A-B925-3634428ED866}"
EndProject
Project("{9A19103F-16F7-4668-BE54-9A1E7A4F7556}") = "Quiz03", "Quiz03\Quiz03.csproj", "{9F88CB3C-7F06-4CBC-9550-72FE9B222EC2}"
EndProject
Project("{9A19103F-16F7-4668-BE54-9A1E7A4F7556}") = "Latihan Lagi", "Latihan Lagi\Latihan Lagi.csproj", "{CA810BC8-589A-4C53-AD5B-699E24BE5511}"
EndProject
Project("{9A19103F-16F7-4668-BE54-9A1E7A4F7556}") = "OOP Part2", "ConsoleApp1\OOP Part2.csproj", "{D32AF727-8B8C-4B40-991D-1747BC28870A}"
EndProject
Project("{FAE04EC0-301F-11D3-BF4B-00C04F79EFBC}") = "QuizOOP", "QuizOOP\QuizOOP.csproj", "{B9ED3CB3-3E19-474B-A06F-665F38F15CCF}"
EndProject
Global
	GlobalSection(SolutionConfigurationPlatforms) = preSolution
		Debug|Any CPU = Debug|Any CPU
		Release|Any CPU = Release|Any CPU
	EndGlobalSection
	GlobalSection(ProjectConfigurationPlatforms) = postSolution
		{3C1D22C1-8DF9-4FCB-A854-1DC8EDF17864}.Debug|Any CPU.ActiveCfg = Debug|Any CPU
		{3C1D22C1-8DF9-4FCB-A854-1DC8EDF17864}.Debug|Any CPU.Build.0 = Debug|Any CPU
		{3C1D22C1-8DF9-4FCB-A854-1DC8EDF17864}.Release|Any CPU.ActiveCfg = Release|Any CPU
		{3C1D22C1-8DF9-4FCB-A854-1DC8EDF17864}.Release|Any CPU.Build.0 = Release|Any CPU
		{9DDB8CB9-29C4-4D79-B55A-E7ED6D7FC3B7}.Debug|Any CPU.ActiveCfg = Debug|Any CPU
		{9DDB8CB9-29C4-4D79-B55A-E7ED6D7FC3B7}.Debug|Any CPU.Build.0 = Debug|Any CPU
		{9DDB8CB9-29C4-4D79-B55A-E7ED6D7FC3B7}.Release|Any CPU.ActiveCfg = Release|Any CPU
		{9DDB8CB9-29C4-4D79-B55A-E7ED6D7FC3B7}.Release|Any CPU.Build.0 = Release|Any CPU
		{6624306B-83AE-4728-8C15-02872831A72C}.Debug|Any CPU.ActiveCfg = Debug|Any CPU
		{6624306B-83AE-4728-8C15-02872831A72C}.Debug|Any CPU.Build.0 = Debug|Any CPU
		{6624306B-83AE-4728-8C15-02872831A72C}.Release|Any CPU.ActiveCfg = Release|Any CPU
		{6624306B-83AE-4728-8C15-02872831A72C}.Release|Any CPU.Build.0 = Release|Any CPU
		{771E0F6E-A71F-4180-B380-AF7218EE58FA}.Debug|Any CPU.ActiveCfg = Debug|Any CPU
		{771E0F6E-A71F-4180-B380-AF7218EE58FA}.Debug|Any CPU.Build.0 = Debug|Any CPU
		{771E0F6E-A71F-4180-B380-AF7218EE58FA}.Release|Any CPU.ActiveCfg = Release|Any CPU
		{771E0F6E-A71F-4180-B380-AF7218EE58FA}.Release|Any CPU.Build.0 = Release|Any CPU
		{25D389A1-F74A-456A-BBCF-338E235F492A}.Debug|Any CPU.ActiveCfg = Debug|Any CPU
		{25D389A1-F74A-456A-BBCF-338E235F492A}.Debug|Any CPU.Build.0 = Debug|Any CPU
		{25D389A1-F74A-456A-BBCF-338E235F492A}.Release|Any CPU.ActiveCfg = Release|Any CPU
		{25D389A1-F74A-456A-BBCF-338E235F492A}.Release|Any CPU.Build.0 = Release|Any CPU
		{6AEA002F-8B3F-453F-8BF1-9783C3A9C581}.Debug|Any CPU.ActiveCfg = Debug|Any CPU
		{6AEA002F-8B3F-453F-8BF1-9783C3A9C581}.Debug|Any CPU.Build.0 = Debug|Any CPU
		{6AEA002F-8B3F-453F-8BF1-9783C3A9C581}.Release|Any CPU.ActiveCfg = Release|Any CPU
		{6AEA002F-8B3F-453F-8BF1-9783C3A9C581}.Release|Any CPU.Build.0 = Release|Any CPU
		{6CB88BFD-1EE2-447A-B925-3634428ED866}.Debug|Any CPU.ActiveCfg = Debug|Any CPU
		{6CB88BFD-1EE2-447A-B925-3634428ED866}.Debug|Any CPU.Build.0 = Debug|Any CPU
		{6CB88BFD-1EE2-447A-B925-3634428ED866}.Release|Any CPU.ActiveCfg = Release|Any CPU
		{6CB88BFD-1EE2-447A-B925-3634428ED866}.Release|Any CPU.Build.0 = Release|Any CPU
		{9F88CB3C-7F06-4CBC-9550-72FE9B222EC2}.Debug|Any CPU.ActiveCfg = Debug|Any CPU
		{9F88CB3C-7F06-4CBC-9550-72FE9B222EC2}.Debug|Any CPU.Build.0 = Debug|Any CPU
		{9F88CB3C-7F06-4CBC-9550-72FE9B222EC2}.Release|Any CPU.ActiveCfg = Release|Any CPU
		{9F88CB3C-7F06-4CBC-9550-72FE9B222EC2}.Release|Any CPU.Build.0 = Release|Any CPU
		{CA810BC8-589A-4C53-AD5B-699E24BE5511}.Debug|Any CPU.ActiveCfg = Debug|Any CPU
		{CA810BC8-589A-4C53-AD5B-699E24BE5511}.Debug|Any CPU.Build.0 = Debug|Any CPU
		{CA810BC8-589A-4C53-AD5B-699E24BE5511}.Release|Any CPU.ActiveCfg = Release|Any CPU
		{CA810BC8-589A-4C53-AD5B-699E24BE5511}.Release|Any CPU.Build.0 = Release|Any CPU
		{D32AF727-8B8C-4B40-991D-1747BC28870A}.Debug|Any CPU.ActiveCfg = Debug|Any CPU
		{D32AF727-8B8C-4B40-991D-1747BC28870A}.Debug|Any CPU.Build.0 = Debug|Any CPU
		{D32AF727-8B8C-4B40-991D-1747BC28870A}.Release|Any CPU.ActiveCfg = Release|Any CPU
		{D32AF727-8B8C-4B40-991D-1747BC28870A}.Release|Any CPU.Build.0 = Release|Any CPU
		{B9ED3CB3-3E19-474B-A06F-665F38F15CCF}.Debug|Any CPU.ActiveCfg = Debug|Any CPU
		{B9ED3CB3-3E19-474B-A06F-665F38F15CCF}.Debug|Any CPU.Build.0 = Debug|Any CPU
		{B9ED3CB3-3E19-474B-A06F-665F38F15CCF}.Release|Any CPU.ActiveCfg = Release|Any CPU
		{B9ED3CB3-3E19-474B-A06F-665F38F15CCF}.Release|Any CPU.Build.0 = Release|Any CPU
	EndGlobalSection
	GlobalSection(SolutionProperties) = preSolution
		HideSolutionNode = FALSE
	EndGlobalSection
	GlobalSection(ExtensibilityGlobals) = postSolution
		SolutionGuid = {1111E973-7408-48CB-9B57-AE5C8F112F56}
	EndGlobalSection
EndGlobal
