
Microsoft Visual Studio Solution File, Format Version 12.00
# Visual Studio Version 17
VisualStudioVersion = 17.3.32804.467
MinimumVisualStudioVersion = 10.0.40219.1
Project("{9A19103F-16F7-4668-BE54-9A1E7A4F7556}") = "CSharep 25_08_22 (MathCase_StringCase,DateTime )", "Day01\CSharep 25_08_22 (MathCase_StringCase,DateTime ).csproj", "{3C1D22C1-8DF9-4FCB-A854-1DC8EDF17864}"
EndProject
Project("{9A19103F-16F7-4668-BE54-9A1E7A4F7556}") = "CSharep 26-27_08_22 (Array,Matrik )", "Day02\CSharep 26-27_08_22 (Array,Matrik ).csproj", "{9DDB8CB9-29C4-4D79-B55A-E7ED6D7FC3B7}"
EndProject
Project("{9A19103F-16F7-4668-BE54-9A1E7A4F7556}") = "CSharep 28_08_22 (List,Collection)", "QUiz Dotnet04\CSharep 28_08_22 (List,Collection).csproj", "{25D389A1-F74A-456A-BBCF-338E235F492A}"
EndProject
Project("{9A19103F-16F7-4668-BE54-9A1E7A4F7556}") = "QUIZ 4 CSharp List", "Dotnet4\QUIZ 4 CSharp List.csproj", "{6AEA002F-8B3F-453F-8BF1-9783C3A9C581}"
EndProject
Project("{9A19103F-16F7-4668-BE54-9A1E7A4F7556}") = "CSharep 29_08_22 (OOP PART1)", "DAY04\CSharep 29_08_22 (OOP PART1).csproj", "{6CB88BFD-1EE2-447A-B925-3634428ED866}"
EndProject
Project("{9A19103F-16F7-4668-BE54-9A1E7A4F7556}") = "File Latihan CSharep", "Quiz03\File Latihan CSharep.csproj", "{9F88CB3C-7F06-4CBC-9550-72FE9B222EC2}"
EndProject
Project("{9A19103F-16F7-4668-BE54-9A1E7A4F7556}") = "CSharep 30_08_22(OOP PART2 )", "ConsoleApp1\CSharep 30_08_22(OOP PART2 ).csproj", "{D32AF727-8B8C-4B40-991D-1747BC28870A}"
EndProject
Project("{9A19103F-16F7-4668-BE54-9A1E7A4F7556}") = "QUIZ 5 CSharp OOP", "QuizOOP\QUIZ 5 CSharp OOP.csproj", "{B9ED3CB3-3E19-474B-A06F-665F38F15CCF}"
EndProject
Project("{9A19103F-16F7-4668-BE54-9A1E7A4F7556}") = "OOP PART3 (310822)", "OOP PART3\OOP PART3 (310822).csproj", "{2BE177B9-E4E6-45B1-83E3-24E0B2899417}"
EndProject
Project("{FAE04EC0-301F-11D3-BF4B-00C04F79EFBC}") = "FINAL TEST", "FINAL TEST\FINAL TEST.csproj", "{DC9CC572-D219-40D5-9401-D9C7C6D8D015}"
EndProject
Global
	GlobalSection(SolutionConfigurationPlatforms) = preSolution
		Debug|Any CPU = Debug|Any CPU
		Release|Any CPU = Release|Any CPU
	EndGlobalSection
	GlobalSection(ProjectConfigurationPlatforms) = postSolution
		{3C1D22C1-8DF9-4FCB-A854-1DC8EDF17864}.Debug|Any CPU.ActiveCfg = Debug|Any CPU
		{3C1D22C1-8DF9-4FCB-A854-1DC8EDF17864}.Debug|Any CPU.Build.0 = Debug|Any CPU
		{3C1D22C1-8DF9-4FCB-A854-1DC8EDF17864}.Release|Any CPU.ActiveCfg = Release|Any CPU
		{3C1D22C1-8DF9-4FCB-A854-1DC8EDF17864}.Release|Any CPU.Build.0 = Release|Any CPU
		{9DDB8CB9-29C4-4D79-B55A-E7ED6D7FC3B7}.Debug|Any CPU.ActiveCfg = Debug|Any CPU
		{9DDB8CB9-29C4-4D79-B55A-E7ED6D7FC3B7}.Debug|Any CPU.Build.0 = Debug|Any CPU
		{9DDB8CB9-29C4-4D79-B55A-E7ED6D7FC3B7}.Release|Any CPU.ActiveCfg = Release|Any CPU
		{9DDB8CB9-29C4-4D79-B55A-E7ED6D7FC3B7}.Release|Any CPU.Build.0 = Release|Any CPU
		{25D389A1-F74A-456A-BBCF-338E235F492A}.Debug|Any CPU.ActiveCfg = Debug|Any CPU
		{25D389A1-F74A-456A-BBCF-338E235F492A}.Debug|Any CPU.Build.0 = Debug|Any CPU
		{25D389A1-F74A-456A-BBCF-338E235F492A}.Release|Any CPU.ActiveCfg = Release|Any CPU
		{25D389A1-F74A-456A-BBCF-338E235F492A}.Release|Any CPU.Build.0 = Release|Any CPU
		{6AEA002F-8B3F-453F-8BF1-9783C3A9C581}.Debug|Any CPU.ActiveCfg = Debug|Any CPU
		{6AEA002F-8B3F-453F-8BF1-9783C3A9C581}.Debug|Any CPU.Build.0 = Debug|Any CPU
		{6AEA002F-8B3F-453F-8BF1-9783C3A9C581}.Release|Any CPU.ActiveCfg = Release|Any CPU
		{6AEA002F-8B3F-453F-8BF1-9783C3A9C581}.Release|Any CPU.Build.0 = Release|Any CPU
		{6CB88BFD-1EE2-447A-B925-3634428ED866}.Debug|Any CPU.ActiveCfg = Debug|Any CPU
		{6CB88BFD-1EE2-447A-B925-3634428ED866}.Debug|Any CPU.Build.0 = Debug|Any CPU
		{6CB88BFD-1EE2-447A-B925-3634428ED866}.Release|Any CPU.ActiveCfg = Release|Any CPU
		{6CB88BFD-1EE2-447A-B925-3634428ED866}.Release|Any CPU.Build.0 = Release|Any CPU
		{9F88CB3C-7F06-4CBC-9550-72FE9B222EC2}.Debug|Any CPU.ActiveCfg = Debug|Any CPU
		{9F88CB3C-7F06-4CBC-9550-72FE9B222EC2}.Debug|Any CPU.Build.0 = Debug|Any CPU
		{9F88CB3C-7F06-4CBC-9550-72FE9B222EC2}.Release|Any CPU.ActiveCfg = Release|Any CPU
		{9F88CB3C-7F06-4CBC-9550-72FE9B222EC2}.Release|Any CPU.Build.0 = Release|Any CPU
		{D32AF727-8B8C-4B40-991D-1747BC28870A}.Debug|Any CPU.ActiveCfg = Debug|Any CPU
		{D32AF727-8B8C-4B40-991D-1747BC28870A}.Debug|Any CPU.Build.0 = Debug|Any CPU
		{D32AF727-8B8C-4B40-991D-1747BC28870A}.Release|Any CPU.ActiveCfg = Release|Any CPU
		{D32AF727-8B8C-4B40-991D-1747BC28870A}.Release|Any CPU.Build.0 = Release|Any CPU
		{B9ED3CB3-3E19-474B-A06F-665F38F15CCF}.Debug|Any CPU.ActiveCfg = Debug|Any CPU
		{B9ED3CB3-3E19-474B-A06F-665F38F15CCF}.Debug|Any CPU.Build.0 = Debug|Any CPU
		{B9ED3CB3-3E19-474B-A06F-665F38F15CCF}.Release|Any CPU.ActiveCfg = Release|Any CPU
		{B9ED3CB3-3E19-474B-A06F-665F38F15CCF}.Release|Any CPU.Build.0 = Release|Any CPU
		{2BE177B9-E4E6-45B1-83E3-24E0B2899417}.Debug|Any CPU.ActiveCfg = Debug|Any CPU
		{2BE177B9-E4E6-45B1-83E3-24E0B2899417}.Debug|Any CPU.Build.0 = Debug|Any CPU
		{2BE177B9-E4E6-45B1-83E3-24E0B2899417}.Release|Any CPU.ActiveCfg = Release|Any CPU
		{2BE177B9-E4E6-45B1-83E3-24E0B2899417}.Release|Any CPU.Build.0 = Release|Any CPU
		{DC9CC572-D219-40D5-9401-D9C7C6D8D015}.Debug|Any CPU.ActiveCfg = Debug|Any CPU
		{DC9CC572-D219-40D5-9401-D9C7C6D8D015}.Debug|Any CPU.Build.0 = Debug|Any CPU
		{DC9CC572-D219-40D5-9401-D9C7C6D8D015}.Release|Any CPU.ActiveCfg = Release|Any CPU
		{DC9CC572-D219-40D5-9401-D9C7C6D8D015}.Release|Any CPU.Build.0 = Release|Any CPU
	EndGlobalSection
	GlobalSection(SolutionProperties) = preSolution
		HideSolutionNode = FALSE
	EndGlobalSection
	GlobalSection(ExtensibilityGlobals) = postSolution
		SolutionGuid = {1111E973-7408-48CB-9B57-AE5C8F112F56}
	EndGlobalSection
EndGlobal
